{
    "_meta": {
        "hash": {
            "sha256": "51bfbf6ed7772b0a192b127cc845bc101bf7bc5341bd8da9059ecd6f785a79b5"
        },
        "pipfile-spec": 6,
        "requires": {
            "python_version": "3.8"
        },
        "sources": [
            {
                "name": "pypi",
                "url": "https://pypi.org/simple",
                "verify_ssl": true
            }
        ]
    },
    "default": {
        "aioamqp": {
            "hashes": [
                "sha256:55fa703a70e71bc958ad546b9ee0c68387cab366c82fc44c0742d6ad0303745a",
                "sha256:eef5c23a7fedee079d8326406f5c7a5725dfe36c359373da3499fffa16f79915"
            ],
            "index": "pypi",
            "version": "==0.14.0"
        },
        "aiohttp": {
            "hashes": [
                "sha256:1e984191d1ec186881ffaed4581092ba04f7c61582a177b187d3a2f07ed9719e",
                "sha256:259ab809ff0727d0e834ac5e8a283dc5e3e0ecc30c4d80b3cd17a4139ce1f326",
                "sha256:2f4d1a4fdce595c947162333353d4a44952a724fba9ca3205a3df99a33d1307a",
                "sha256:32e5f3b7e511aa850829fbe5aa32eb455e5534eaa4b1ce93231d00e2f76e5654",
                "sha256:344c780466b73095a72c616fac5ea9c4665add7fc129f285fbdbca3cccf4612a",
                "sha256:460bd4237d2dbecc3b5ed57e122992f60188afe46e7319116da5eb8a9dfedba4",
                "sha256:4c6efd824d44ae697814a2a85604d8e992b875462c6655da161ff18fd4f29f17",
                "sha256:50aaad128e6ac62e7bf7bd1f0c0a24bc968a0c0590a726d5a955af193544bcec",
                "sha256:6206a135d072f88da3e71cc501c59d5abffa9d0bb43269a6dcd28d66bfafdbdd",
                "sha256:65f31b622af739a802ca6fd1a3076fd0ae523f8485c52924a89561ba10c49b48",
                "sha256:ae55bac364c405caa23a4f2d6cfecc6a0daada500274ffca4a9230e7129eac59",
                "sha256:b778ce0c909a2653741cb4b1ac7015b5c130ab9c897611df43ae6a58523cb965"
            ],
            "index": "pypi",
            "version": "==3.6.2"
        },
        "aioredis": {
            "hashes": [
                "sha256:15f8af30b044c771aee6787e5ec24694c048184c7b9e54c3b60c750a4b93273a",
                "sha256:b61808d7e97b7cd5a92ed574937a079c9387fdadd22bfbfa7ad2fd319ecc26e3"
            ],
            "index": "pypi",
            "version": "==1.3.1"
        },
        "aiosqlite": {
            "hashes": [
                "sha256:19b984b6702aed9f1c85c023f37296954547fc4030dae8e9d027b2a930bed78b",
                "sha256:a2884793f4dc8f2798d90e1dfecb2b56a6d479cf039f7ec52356a7fd5f3bdc57"
            ],
            "version": "==0.15.0"
        },
        "async-timeout": {
            "hashes": [
                "sha256:0c3c816a028d47f659d6ff5c745cb2acf1f966da1fe5c19c77a70282b25f4c5f",
                "sha256:4291ca197d287d274d0b6cb5d6f8f8f82d434ed288f962539ff18cc9012f9ea3"
            ],
            "version": "==3.0.1"
        },
        "attrs": {
            "hashes": [
                "sha256:26b54ddbbb9ee1d34d5d3668dd37d6cf74990ab23c828c2888dccdceee395594",
                "sha256:fce7fc47dfc976152e82d53ff92fa0407700c21acd20886a13777a0d20e655dc"
            ],
            "version": "==20.2.0"
        },
        "chardet": {
            "hashes": [
                "sha256:84ab92ed1c4d4f16916e05906b6b75a6c0fb5db821cc65e70cbd64a3e2a5eaae",
                "sha256:fc323ffcaeaed0e0a02bf4d117757b98aed530d9ed4531e3e15460124c106691"
            ],
            "version": "==3.0.4"
        },
        "click": {
            "hashes": [
                "sha256:d2b5255c7c6349bc1bd1e59e08cd12acbbd63ce649f2588755783aa94dfb6b1a",
                "sha256:dacca89f4bfadd5de3d7489b7c8a566eee0d3676333fbb50030263894c38c0dc"
            ],
            "version": "==7.1.2"
        },
        "databases": {
            "extras": [
                "sqlite"
            ],
            "hashes": [
                "sha256:78b758884ca585b81272af1de697e0c8a3034de92bdd08e9ac47436ef0cdca56",
                "sha256:ee8dcece15a86359ef06414a6afcc15da15f5d078dc09af2e3a5f9dbfee4dce9"
            ],
            "index": "pypi",
            "version": "==0.3.2"
        },
        "decorator": {
            "hashes": [
                "sha256:41fa54c2a0cc4ba648be4fd43cff00aedf5b9465c9bf18d64325bc225f08f760",
                "sha256:e3a62f0520172440ca0dcc823749319382e377f37f140a0b99ef45fecb84bfe7"
            ],
            "version": "==4.4.2"
        },
        "faker": {
            "hashes": [
                "sha256:ba4f98ed8c4c3e817c39626e996a913e3b6478b02625e1cfe9feb7fd8f2f4883",
                "sha256:c7c7dcede34e10bfdb8601bea807bf065ec3dd3e90884aabcfd4e3f7ae2dbe3b"
            ],
            "index": "pypi",
            "version": "==4.5.0"
        },
        "h11": {
            "hashes": [
                "sha256:3c6c61d69c6f13d41f1b80ab0322f1872702a3ba26e12aa864c928f6a43fbaab",
                "sha256:ab6c335e1b6ef34b205d5ca3e228c9299cc7218b049819ec84a388c2525e5d87"
            ],
            "version": "==0.11.0"
        },
        "hiredis": {
            "hashes": [
                "sha256:06a039208f83744a702279b894c8cf24c14fd63c59cd917dcde168b79eef0680",
                "sha256:0a909bf501459062aa1552be1461456518f367379fdc9fdb1f2ca5e4a1fdd7c0",
                "sha256:18402d9e54fb278cb9a8c638df6f1550aca36a009d47ecf5aa263a38600f35b0",
                "sha256:1e4cbbc3858ec7e680006e5ca590d89a5e083235988f26a004acf7244389ac01",
                "sha256:23344e3c2177baf6975fbfa361ed92eb7d36d08f454636e5054b3faa7c2aff8a",
                "sha256:289b31885b4996ce04cadfd5fc03d034dce8e2a8234479f7c9e23b9e245db06b",
                "sha256:2c1c570ae7bf1bab304f29427e2475fe1856814312c4a1cf1cd0ee133f07a3c6",
                "sha256:2c227c0ed371771ffda256034427320870e8ea2e4fd0c0a618c766e7c49aad73",
                "sha256:3bb9b63d319402cead8bbd9dd55dca3b667d2997e9a0d8a1f9b6cc274db4baee",
                "sha256:3ef2183de67b59930d2db8b8e8d4d58e00a50fcc5e92f4f678f6eed7a1c72d55",
                "sha256:43b8ed3dbfd9171e44c554cb4acf4ee4505caa84c5e341858b50ea27dd2b6e12",
                "sha256:47bcf3c5e6c1e87ceb86cdda2ee983fa0fe56a999e6185099b3c93a223f2fa9b",
                "sha256:5263db1e2e1e8ae30500cdd75a979ff99dcc184201e6b4b820d0de74834d2323",
                "sha256:5b1451727f02e7acbdf6aae4e06d75f66ee82966ff9114550381c3271a90f56c",
                "sha256:6996883a8a6ff9117cbb3d6f5b0dcbbae6fb9e31e1a3e4e2f95e0214d9a1c655",
                "sha256:6c96f64a54f030366657a54bb90b3093afc9c16c8e0dfa29fc0d6dbe169103a5",
                "sha256:7332d5c3e35154cd234fd79573736ddcf7a0ade7a986db35b6196b9171493e75",
                "sha256:7885b6f32c4a898e825bb7f56f36a02781ac4a951c63e4169f0afcf9c8c30dfb",
                "sha256:7b0f63f10a166583ab744a58baad04e0f52cfea1ac27bfa1b0c21a48d1003c23",
                "sha256:819f95d4eba3f9e484dd115ab7ab72845cf766b84286a00d4ecf76d33f1edca1",
                "sha256:8968eeaa4d37a38f8ca1f9dbe53526b69628edc9c42229a5b2f56d98bb828c1f",
                "sha256:89ebf69cb19a33d625db72d2ac589d26e936b8f7628531269accf4a3196e7872",
                "sha256:8daecd778c1da45b8bd54fd41ffcd471a86beed3d8e57a43acf7a8d63bba4058",
                "sha256:955ba8ea73cf3ed8bd2f963b4cb9f8f0dcb27becd2f4b3dd536fd24c45533454",
                "sha256:964f18a59f5a64c0170f684c417f4fe3e695a536612e13074c4dd5d1c6d7c882",
                "sha256:969843fbdfbf56cdb71da6f0bdf50f9985b8b8aeb630102945306cf10a9c6af2",
                "sha256:996021ef33e0f50b97ff2d6b5f422a0fe5577de21a8873b58a779a5ddd1c3132",
                "sha256:9e9c9078a7ce07e6fce366bd818be89365a35d2e4b163268f0ca9ba7e13bb2f6",
                "sha256:a04901757cb0fb0f5602ac11dda48f5510f94372144d06c2563ba56c480b467c",
                "sha256:a7bf1492429f18d205f3a818da3ff1f242f60aa59006e53dee00b4ef592a3363",
                "sha256:aa0af2deb166a5e26e0d554b824605e660039b161e37ed4f01b8d04beec184f3",
                "sha256:abfb15a6a7822f0fae681785cb38860e7a2cb1616a708d53df557b3d76c5bfd4",
                "sha256:b253fe4df2afea4dfa6b1fa8c5fef212aff8bcaaeb4207e81eed05cb5e4a7919",
                "sha256:b27f082f47d23cffc4cf1388b84fdc45c4ef6015f906cd7e0d988d9e35d36349",
                "sha256:b33aea449e7f46738811fbc6f0b3177c6777a572207412bbbf6f525ffed001ae",
                "sha256:b44f9421c4505c548435244d74037618f452844c5d3c67719d8a55e2613549da",
                "sha256:bcc371151d1512201d0214c36c0c150b1dc64f19c2b1a8c9cb1d7c7c15ebd93f",
                "sha256:c2851deeabd96d3f6283e9c6b26e0bfed4de2dc6fb15edf913e78b79fc5909ed",
                "sha256:cdfd501c7ac5b198c15df800a3a34c38345f5182e5f80770caf362bccca65628",
                "sha256:d2c0caffa47606d6d7c8af94ba42547bd2a441f06c74fd90a1ffe328524a6c64",
                "sha256:dcb2db95e629962db5a355047fb8aefb012df6c8ae608930d391619dbd96fd86",
                "sha256:e0eeb9c112fec2031927a1745788a181d0eecbacbed941fc5c4f7bc3f7b273bf",
                "sha256:e154891263306200260d7f3051982774d7b9ef35af3509d5adbbe539afd2610c",
                "sha256:e2e023a42dcbab8ed31f97c2bcdb980b7fbe0ada34037d87ba9d799664b58ded",
                "sha256:e64be68255234bb489a574c4f2f8df7029c98c81ec4d160d6cd836e7f0679390",
                "sha256:e82d6b930e02e80e5109b678c663a9ed210680ded81c1abaf54635d88d1da298"
            ],
            "version": "==1.1.0"
        },
        "idna": {
            "hashes": [
                "sha256:b307872f855b18632ce0c21c5e45be78c0ea7ae4c15c828c20788b26921eb3f6",
                "sha256:b97d804b1e9b523befed77c48dacec60e6dcb0b5391d57af6a65a312a90648c0"
            ],
            "version": "==2.10"
        },
        "loguru": {
            "hashes": [
                "sha256:b28e72ac7a98be3d28ad28570299a393dfcd32e5e3f6a353dec94675767b6319",
                "sha256:f8087ac396b5ee5f67c963b495d615ebbceac2796379599820e324419d53667c"
            ],
            "index": "pypi",
            "version": "==0.5.3"
        },
        "multidict": {
            "hashes": [
                "sha256:1ece5a3369835c20ed57adadc663400b5525904e53bae59ec854a5d36b39b21a",
                "sha256:275ca32383bc5d1894b6975bb4ca6a7ff16ab76fa622967625baeebcf8079000",
                "sha256:3750f2205b800aac4bb03b5ae48025a64e474d2c6cc79547988ba1d4122a09e2",
                "sha256:4538273208e7294b2659b1602490f4ed3ab1c8cf9dbdd817e0e9db8e64be2507",
                "sha256:5141c13374e6b25fe6bf092052ab55c0c03d21bd66c94a0e3ae371d3e4d865a5",
                "sha256:51a4d210404ac61d32dada00a50ea7ba412e6ea945bbe992e4d7a595276d2ec7",
                "sha256:5cf311a0f5ef80fe73e4f4c0f0998ec08f954a6ec72b746f3c179e37de1d210d",
                "sha256:6513728873f4326999429a8b00fc7ceddb2509b01d5fd3f3be7881a257b8d463",
                "sha256:7388d2ef3c55a8ba80da62ecfafa06a1c097c18032a501ffd4cabbc52d7f2b19",
                "sha256:9456e90649005ad40558f4cf51dbb842e32807df75146c6d940b6f5abb4a78f3",
                "sha256:c026fe9a05130e44157b98fea3ab12969e5b60691a276150db9eda71710cd10b",
                "sha256:d14842362ed4cf63751648e7672f7174c9818459d169231d03c56e84daf90b7c",
                "sha256:e0d072ae0f2a179c375f67e3da300b47e1a83293c554450b29c900e50afaae87",
                "sha256:f07acae137b71af3bb548bd8da720956a3bc9f9a0b87733e0899226a2317aeb7",
                "sha256:fbb77a75e529021e7c4a8d4e823d88ef4d23674a202be4f5addffc72cbb91430",
                "sha256:fcfbb44c59af3f8ea984de67ec7c306f618a3ec771c2843804069917a8f2e255",
                "sha256:feed85993dbdb1dbc29102f50bca65bdc68f2c0c8d352468c25b54874f23c39d"
            ],
            "version": "==4.7.6"
        },
        "pamqp": {
            "hashes": [
                "sha256:2f81b5c186f668a67f165193925b6bfd83db4363a6222f599517f29ecee60b02",
                "sha256:5cd0f5a85e89f20d5f8e19285a1507788031cfca4a9ea6f067e3cf18f5e294e8"
            ],
            "version": "==2.3.0"
        },
        "pbr": {
            "hashes": [
                "sha256:14bfd98f51c78a3dd22a1ef45cf194ad79eee4a19e8e1a0d5c7f8e81ffe182ea",
                "sha256:5adc0f9fc64319d8df5ca1e4e06eea674c26b80e6f00c530b18ce6a6592ead15"
            ],
            "version": "==5.5.0"
        },
        "psycopg2": {
            "hashes": [
                "sha256:00195b5f6832dbf2876b8bf77f12bdce648224c89c880719c745b90515233301",
                "sha256:068115e13c70dc5982dfc00c5d70437fe37c014c808acce119b5448361c03725",
                "sha256:26e7fd115a6db75267b325de0fba089b911a4a12ebd3d0b5e7acb7028bc46821",
                "sha256:56007a226b8e95aa980ada7abdea6b40b75ce62a433bd27cec7a8178d57f4051",
                "sha256:56fee7f818d032f802b8eed81ef0c1232b8b42390df189cab9cfa87573fe52c5",
                "sha256:6a3d9efb6f36f1fe6aa8dbb5af55e067db802502c55a9defa47c5a1dad41df84",
                "sha256:a49833abfdede8985ba3f3ec641f771cca215479f41523e99dace96d5b8cce2a",
                "sha256:ad2fe8a37be669082e61fb001c185ffb58867fdbb3e7a6b0b0d2ffe232353a3e",
                "sha256:b8cae8b2f022efa1f011cc753adb9cbadfa5a184431d09b273fb49b4167561ad",
                "sha256:d160744652e81c80627a909a0e808f3c6653a40af435744de037e3172cf277f5",
                "sha256:f22ea9b67aea4f4a1718300908a2fb62b3e4276cf00bd829a97ab5894af42ea3",
                "sha256:f974c96fca34ae9e4f49839ba6b78addf0346777b46c4da27a7bf54f48d3057d",
                "sha256:fb23f6c71107c37fd667cb4ea363ddeb936b348bbd6449278eb92c189699f543"
            ],
            "index": "pypi",
            "version": "==2.8.6"
        },
        "python-dateutil": {
            "hashes": [
                "sha256:73ebfe9dbf22e832286dafa60473e4cd239f8592f699aa5adaf10050e6e1823c",
                "sha256:75bb3f31ea686f1197762692a9ee6a7550b59fc6ca3a1f4b5d7e32fb98e2da2a"
            ],
            "version": "==2.8.1"
        },
        "python-decouple": {
            "hashes": [
                "sha256:55c546b85b0c47a15a47a4312d451a437f7344a9be3e001660bccd93b637de95"
            ],
            "index": "pypi",
            "version": "==3.3"
        },
        "python-rapidjson": {
            "hashes": [
                "sha256:0e129f8c5a098aa7d066fe7ca3a99411010bf3ca1dc17525d4869c77e2dd4351",
                "sha256:0fc885de12a35699ed7e4ec9fa56ec791d1d2404269398bf989543e6b324c7fd",
                "sha256:12eab9675a75dd14c07ee851429a5465f051aa1ebf66ade093fb15f0dc3159a6",
                "sha256:26bfff41f0206f6f1df42c31a4c0d7c8de1e0fb57731707a0e04fa094f8bb7e1",
                "sha256:292fdd82d4cc3e81b01b46717b969fbba56d19e70708e545e7d86c70cc11596a",
                "sha256:2c3f37212499fab32abc3d53d591231e9fe99668f6a93faf8d17de30cdaf80a3",
                "sha256:3eee83134adfec5644821c10f776839ee78f9321c691af0116d8fb4331caeb32",
                "sha256:47bb70892452a14729a76e08bb60ba5f9628f5c6ee6a9a0c648fa3c6e543f019",
                "sha256:4e00de6ae6a4c0f91a9096fdea79d4c074166578a431ad4141b678d4531be081",
                "sha256:541935d6ef72d6e665acbb649144d4f7aa364e54b0d3c6689b5d427bec2b07c2",
                "sha256:5647c1df3cd2253d16192795c61aeb7be37c07d007179aaeac014992cddc937c",
                "sha256:602904892022bef8b1a1e4dc633c052e400d66652fcf0313167d4e227718629c",
                "sha256:680a476d41f95cdc7292d17fcb1fcf54445f08e9ca1c5fba2a6067016b42a859",
                "sha256:70fbeacd28582a9be0b1fe521c14a9fa7d62d624616325de9c55dc53001f6715",
                "sha256:7321bd3b7c96417f0c3d83c1b40d350e0f4893549881bdb384dadf08034f7975",
                "sha256:842c2298f91ecae60925bb133ad5dfb2793dcb909266b88d1d30eaabfd3f5199",
                "sha256:887026e57e5a142d31d06087ecee556062d83ee1c4dca81230c8d2a6a4cefc40",
                "sha256:99c7896f14ddd7592842da5181ae6b2cf4362159cde7993875b72b93818a4840",
                "sha256:ad554220dd5903f67765f69698c9c0be50ad67cc989ed9f406c2c19c73d8f2f3",
                "sha256:ad80bd7e4bb15d9705227630037a433e2e2a7982b54b51de2ebabdd1611394a1",
                "sha256:b11b523ba060fecadf306eeea597645fed287369971bddac1e5bb76e9bff016d",
                "sha256:b8d26ceb35495a885c4dcf8d28946ae2a878dc749d3c0fedbf0df6e6f5d99f06",
                "sha256:c31e659b9720358533e2774fac12f5e5c4ea8cd45e6629fc8eccad0d8f421552",
                "sha256:c687dd3b2566dd8fbee4d24b484d35e17b4be9edea720a6601fcf65f39f9b1cd",
                "sha256:c7d509a8c6192c6e57b5e2c005e8c6dd8d2f988776b3444af42a39ffda38f6a8",
                "sha256:c86d6b499603ece6c487cb45d757f7ee1cc8f8a5dc9e1a5548ce54cd763ffe48",
                "sha256:dab0d99456537e180da9f311aff70712a165c6c362dc4da5fd766ab53869bb64",
                "sha256:f81061d34e1510ab284e0c447e7b68dc6f3989260f57d84b3f335e10433692ca",
                "sha256:fc43e5376d8a1243c82e27397011bf03297e94242d45fad2f7b7b1561bf29615"
            ],
            "index": "pypi",
            "version": "==0.9.1"
        },
        "rapidjson": {
            "hashes": [
                "sha256:2e8e4a22f8b6adc45b6467513ede171ac6f891d417ddd59ddb3a7bbf2f3bb65c"
            ],
            "index": "pypi",
            "version": "==1.0.0"
        },
        "six": {
            "hashes": [
                "sha256:30639c035cdb23534cd4aa2dd52c3bf48f06e5f4a941509c8bafd8ce11080259",
                "sha256:8b74bedcbbbaca38ff6d7491d76f2b06b3592611af620f8426e82dddb04a5ced"
            ],
            "version": "==1.15.0"
        },
        "sqlalchemy": {
            "hashes": [
                "sha256:072766c3bd09294d716b2d114d46ffc5ccf8ea0b714a4e1c48253014b771c6bb",
                "sha256:107d4af989831d7b091e382d192955679ec07a9209996bf8090f1f539ffc5804",
                "sha256:15c0bcd3c14f4086701c33a9e87e2c7ceb3bcb4a246cd88ec54a49cf2a5bd1a6",
                "sha256:26c5ca9d09f0e21b8671a32f7d83caad5be1f6ff45eef5ec2f6fd0db85fc5dc0",
                "sha256:276936d41111a501cf4a1a0543e25449108d87e9f8c94714f7660eaea89ae5fe",
                "sha256:3292a28344922415f939ee7f4fc0c186f3d5a0bf02192ceabd4f1129d71b08de",
                "sha256:33d29ae8f1dc7c75b191bb6833f55a19c932514b9b5ce8c3ab9bc3047da5db36",
                "sha256:3bba2e9fbedb0511769780fe1d63007081008c5c2d7d715e91858c94dbaa260e",
                "sha256:465c999ef30b1c7525f81330184121521418a67189053bcf585824d833c05b66",
                "sha256:51064ee7938526bab92acd049d41a1dc797422256086b39c08bafeffb9d304c6",
                "sha256:5a49e8473b1ab1228302ed27365ea0fadd4bf44bc0f9e73fe38e10fdd3d6b4fc",
                "sha256:618db68745682f64cedc96ca93707805d1f3a031747b5a0d8e150cfd5055ae4d",
                "sha256:6547b27698b5b3bbfc5210233bd9523de849b2bb8a0329cd754c9308fc8a05ce",
                "sha256:6557af9e0d23f46b8cd56f8af08eaac72d2e3c632ac8d5cf4e20215a8dca7cea",
                "sha256:73a40d4fcd35fdedce07b5885905753d5d4edf413fbe53544dd871f27d48bd4f",
                "sha256:8280f9dae4adb5889ce0bb3ec6a541bf05434db5f9ab7673078c00713d148365",
                "sha256:83469ad15262402b0e0974e612546bc0b05f379b5aa9072ebf66d0f8fef16bea",
                "sha256:860d0fe234922fd5552b7f807fbb039e3e7ca58c18c8d38aa0d0a95ddf4f6c23",
                "sha256:883c9fb62cebd1e7126dd683222b3b919657590c3e2db33bdc50ebbad53e0338",
                "sha256:8afcb6f4064d234a43fea108859942d9795c4060ed0fbd9082b0f280181a15c1",
                "sha256:96f51489ac187f4bab588cf51f9ff2d40b6d170ac9a4270ffaed535c8404256b",
                "sha256:9e865835e36dfbb1873b65e722ea627c096c11b05f796831e3a9b542926e979e",
                "sha256:aa0554495fe06172b550098909be8db79b5accdf6ffb59611900bea345df5eba",
                "sha256:b595e71c51657f9ee3235db8b53d0b57c09eee74dfb5b77edff0e46d2218dc02",
                "sha256:b6ff91356354b7ff3bd208adcf875056d3d886ed7cef90c571aef2ab8a554b12",
                "sha256:b70bad2f1a5bd3460746c3fb3ab69e4e0eb5f59d977a23f9b66e5bdc74d97b86",
                "sha256:c7adb1f69a80573698c2def5ead584138ca00fff4ad9785a4b0b2bf927ba308d",
                "sha256:c898b3ebcc9eae7b36bd0b4bbbafce2d8076680f6868bcbacee2d39a7a9726a7",
                "sha256:e49947d583fe4d29af528677e4f0aa21f5e535ca2ae69c48270ebebd0d8843c0",
                "sha256:eb1d71643e4154398b02e88a42fc8b29db8c44ce4134cf0f4474bfc5cb5d4dac",
                "sha256:f2e8a9c0c8813a468aa659a01af6592f71cd30237ec27c4cc0683f089f90dcfc",
                "sha256:fe7fe11019fc3e6600819775a7d55abc5446dda07e9795f5954fdbf8a49e1c37"
            ],
            "index": "pypi",
            "version": "==1.3.19"
        },
        "sqlalchemy-migrate": {
            "hashes": [
                "sha256:0bc02e292a040ade5e35a01d3ea744119e1309cdddb704fdb99bac13236614f8",
                "sha256:e5d2348db19a5062132d93e3b4d9e7644af552fffbec4c78cc5358f848d2f6c1"
            ],
            "index": "pypi",
            "version": "==0.13.0"
        },
        "sqlparse": {
            "hashes": [
                "sha256:017cde379adbd6a1f15a61873f43e8274179378e95ef3fede90b5aa64d304ed0",
                "sha256:0f91fd2e829c44362cbcfab3e9ae12e22badaa8a29ad5ff599f9ec109f0454e8"
            ],
            "version": "==0.4.1"
        },
        "starlette": {
            "hashes": [
                "sha256:40afea6ffa830849800cc4efdf006a86ad579d6ba6b64cb1925a1897b020ba6e",
                "sha256:82df29b2149437ad828a883674bf031788600c876dae50835e98398bd1706183"
            ],
            "index": "pypi",
            "version": "==0.13.8"
        },
        "tempita": {
            "hashes": [
                "sha256:cacecf0baa674d356641f1d406b8bff1d756d739c46b869a54de515d08e6fc9c"
            ],
            "version": "==0.5.2"
        },
        "text-unidecode": {
            "hashes": [
                "sha256:1311f10e8b895935241623731c2ba64f4c455287888b18189350b67134a822e8",
                "sha256:bad6603bb14d279193107714b288be206cac565dfa49aa5b105294dd5c4aab93"
            ],
            "version": "==1.3"
        },
        "typing-extensions": {
            "hashes": [
                "sha256:7cb407020f00f7bfc3cb3e7881628838e69d8f3fcab2f64742a5e76b2f841918",
                "sha256:99d4073b617d30288f569d3f13d2bd7548c3a7e4c8de87db09a9d29bb3a4a60c",
                "sha256:dafc7639cde7f1b6e1acc0f457842a83e722ccca8eef5270af2d74792619a89f"
            ],
            "version": "==3.7.4.3"
        },
        "uvicorn": {
            "hashes": [
                "sha256:a461e76406088f448f36323f5ac774d50e5a552b6ccb54e4fca8d83ef614a7c2",
                "sha256:d06a25caa8dc680ad92eb3ec67363f5281c092059613a1cc0100acba37fc0f45"
            ],
            "index": "pypi",
            "version": "==0.12.1"
        },
        "yarl": {
            "hashes": [
                "sha256:04a54f126a0732af75e5edc9addeaa2113e2ca7c6fce8974a63549a70a25e50e",
                "sha256:3cc860d72ed989f3b1f3abbd6ecf38e412de722fb38b8f1b1a086315cf0d69c5",
                "sha256:5d84cc36981eb5a8533be79d6c43454c8e6a39ee3118ceaadbd3c029ab2ee580",
                "sha256:5e447e7f3780f44f890360ea973418025e8c0cdcd7d6a1b221d952600fd945dc",
                "sha256:61d3ea3c175fe45f1498af868879c6ffeb989d4143ac542163c45538ba5ec21b",
                "sha256:67c5ea0970da882eaf9efcf65b66792557c526f8e55f752194eff8ec722c75c2",
                "sha256:6f6898429ec3c4cfbef12907047136fd7b9e81a6ee9f105b45505e633427330a",
                "sha256:7ce35944e8e61927a8f4eb78f5bc5d1e6da6d40eadd77e3f79d4e9399e263921",
                "sha256:b7c199d2cbaf892ba0f91ed36d12ff41ecd0dde46cbf64ff4bfe997a3ebc925e",
                "sha256:c15d71a640fb1f8e98a1423f9c64d7f1f6a3a168f803042eaf3a5b5022fde0c1",
                "sha256:c22607421f49c0cb6ff3ed593a49b6a99c6ffdeaaa6c944cdda83c2393c8864d",
                "sha256:c604998ab8115db802cc55cb1b91619b2831a6128a62ca7eea577fc8ea4d3131",
                "sha256:d088ea9319e49273f25b1c96a3763bf19a882cff774d1792ae6fba34bd40550a",
                "sha256:db9eb8307219d7e09b33bcb43287222ef35cbcf1586ba9472b0a4b833666ada1",
                "sha256:e31fef4e7b68184545c3d68baec7074532e077bd1906b040ecfba659737df188",
                "sha256:e32f0fb443afcfe7f01f95172b66f279938fbc6bdaebe294b0ff6747fb6db020",
                "sha256:fcbe419805c9b20db9a51d33b942feddbf6e7fb468cb20686fd7089d4164c12a"
            ],
            "version": "==1.6.0"
        }
    },
    "develop": {}
}
