[[package]]
name = "aiohttp"
version = "3.8.3"
description = "Async http client/server framework (asyncio)"
category = "main"
optional = false
python-versions = ">=3.6"

[package.dependencies]
aiosignal = ">=1.1.2"
async-timeout = ">=4.0.0a3,<5.0"
attrs = ">=17.3.0"
charset-normalizer = ">=2.0,<3.0"
frozenlist = ">=1.1.1"
multidict = ">=4.5,<7.0"
yarl = ">=1.0,<2.0"

[package.extras]
speedups = ["aiodns", "brotli", "cchardet"]

[[package]]
name = "aioredis"
version = "2.0.1"
description = "asyncio (PEP 3156) Redis support"
category = "main"
optional = false
python-versions = ">=3.6"

[package.dependencies]
async-timeout = "*"
typing-extensions = "*"

[package.extras]
hiredis = ["hiredis (>=1.0)"]

[[package]]
name = "aiosignal"
version = "1.2.0"
description = "aiosignal: a list of registered asynchronous callbacks"
category = "main"
optional = false
python-versions = ">=3.6"

[package.dependencies]
frozenlist = ">=1.1.0"

[[package]]
name = "aiosqlite"
version = "0.17.0"
description = "asyncio bridge to the standard sqlite3 module"
category = "main"
optional = false
python-versions = ">=3.6"

[package.dependencies]
typing_extensions = ">=3.7.2"

[[package]]
name = "anyio"
version = "3.6.1"
description = "High level compatibility layer for multiple asynchronous event loop implementations"
category = "main"
optional = false
python-versions = ">=3.6.2"

[package.dependencies]
idna = ">=2.8"
sniffio = ">=1.1"

[package.extras]
doc = ["packaging", "sphinx-rtd-theme", "sphinx-autodoc-typehints (>=1.2.0)"]
test = ["coverage[toml] (>=4.5)", "hypothesis (>=4.0)", "pytest (>=7.0)", "pytest-mock (>=3.6.1)", "trustme", "contextlib2", "uvloop (<0.15)", "mock (>=4)", "uvloop (>=0.15)"]
trio = ["trio (>=0.16)"]

[[package]]
name = "asgiref"
version = "3.5.2"
description = "ASGI specs, helper code, and adapters"
category = "main"
optional = false
python-versions = ">=3.7"

[package.extras]
tests = ["pytest", "pytest-asyncio", "mypy (>=0.800)"]

[[package]]
name = "async-timeout"
version = "4.0.2"
description = "Timeout context manager for asyncio programs"
category = "main"
optional = false
python-versions = ">=3.6"

[[package]]
name = "asyncpg"
version = "0.26.0"
description = "An asyncio PostgreSQL driver"
category = "main"
optional = false
python-versions = ">=3.6.0"

[package.extras]
dev = ["Cython (>=0.29.24,<0.30.0)", "pytest (>=6.0)", "Sphinx (>=4.1.2,<4.2.0)", "sphinxcontrib-asyncio (>=0.3.0,<0.4.0)", "sphinx-rtd-theme (>=0.5.2,<0.6.0)", "pycodestyle (>=2.7.0,<2.8.0)", "flake8 (>=3.9.2,<3.10.0)", "uvloop (>=0.15.3)"]
docs = ["Sphinx (>=4.1.2,<4.2.0)", "sphinxcontrib-asyncio (>=0.3.0,<0.4.0)", "sphinx-rtd-theme (>=0.5.2,<0.6.0)"]
test = ["pycodestyle (>=2.7.0,<2.8.0)", "flake8 (>=3.9.2,<3.10.0)", "uvloop (>=0.15.3)"]

[[package]]
name = "attrs"
version = "22.1.0"
description = "Classes Without Boilerplate"
category = "main"
optional = false
python-versions = ">=3.5"

[package.extras]
dev = ["coverage[toml] (>=5.0.2)", "hypothesis", "pympler", "pytest (>=4.3.0)", "mypy (>=0.900,!=0.940)", "pytest-mypy-plugins", "zope.interface", "furo", "sphinx", "sphinx-notfound-page", "pre-commit", "cloudpickle"]
docs = ["furo", "sphinx", "zope.interface", "sphinx-notfound-page"]
tests = ["coverage[toml] (>=5.0.2)", "hypothesis", "pympler", "pytest (>=4.3.0)", "mypy (>=0.900,!=0.940)", "pytest-mypy-plugins", "zope.interface", "cloudpickle"]
tests_no_zope = ["coverage[toml] (>=5.0.2)", "hypothesis", "pympler", "pytest (>=4.3.0)", "mypy (>=0.900,!=0.940)", "pytest-mypy-plugins", "cloudpickle"]

[[package]]
name = "black"
version = "21.12b0"
description = "The uncompromising code formatter."
category = "main"
optional = false
python-versions = ">=3.6.2"

[package.dependencies]
click = ">=7.1.2"
mypy-extensions = ">=0.4.3"
pathspec = ">=0.9.0,<1"
platformdirs = ">=2"
tomli = ">=0.2.6,<2.0.0"
typing-extensions = [
    {version = ">=3.10.0.0", markers = "python_version < \"3.10\""},
    {version = "!=3.10.0.1", markers = "python_version >= \"3.10\""},
]

[package.extras]
colorama = ["colorama (>=0.4.3)"]
d = ["aiohttp (>=3.7.4)"]
jupyter = ["ipython (>=7.8.0)", "tokenize-rt (>=3.2.0)"]
python2 = ["typed-ast (>=1.4.3)"]
uvloop = ["uvloop (>=0.15.2)"]

[[package]]
name = "certifi"
version = "2022.9.24"
description = "Python package for providing Mozilla's CA Bundle."
category = "main"
optional = false
python-versions = ">=3.6"

[[package]]
name = "charset-normalizer"
version = "2.1.1"
description = "The Real First Universal Charset Detector. Open, modern and actively maintained alternative to Chardet."
category = "main"
optional = false
python-versions = ">=3.6.0"

[package.extras]
unicode_backport = ["unicodedata2"]

[[package]]
name = "click"
version = "8.1.3"
description = "Composable command line interface toolkit"
category = "main"
optional = false
python-versions = ">=3.7"

[package.dependencies]
colorama = {version = "*", markers = "platform_system == \"Windows\""}

[[package]]
name = "colorama"
version = "0.4.5"
description = "Cross-platform colored terminal text."
category = "main"
optional = false
python-versions = ">=2.7, !=3.0.*, !=3.1.*, !=3.2.*, !=3.3.*, !=3.4.*"

[[package]]
name = "databases"
version = "0.5.5"
description = "Async database support for Python."
category = "main"
optional = false
python-versions = ">=3.6"

[package.dependencies]
asyncpg = {version = "*", optional = true, markers = "extra == \"postgresql\""}
sqlalchemy = ">=1.4,<1.5"

[package.extras]
mysql = ["aiomysql"]
mysql_asyncmy = ["asyncmy"]
postgresql = ["asyncpg"]
postgresql_aiopg = ["aiopg"]
sqlite = ["aiosqlite"]

[[package]]
name = "decorator"
version = "5.1.1"
description = "Decorators for Humans"
category = "main"
optional = false
python-versions = ">=3.5"

[[package]]
name = "frozenlist"
version = "1.3.1"
description = "A list-like structure which implements collections.abc.MutableSequence"
category = "main"
optional = false
python-versions = ">=3.7"

[[package]]
name = "ftfy"
version = "6.1.1"
description = "Fixes mojibake and other problems with Unicode, after the fact"
category = "main"
optional = false
python-versions = ">=3.7,<4"

[package.dependencies]
wcwidth = ">=0.2.5"

[[package]]
name = "greenlet"
version = "1.1.3"
description = "Lightweight in-process concurrent programming"
category = "main"
optional = false
python-versions = ">=2.7,!=3.0.*,!=3.1.*,!=3.2.*,!=3.3.*,!=3.4.*"

[package.extras]
docs = ["sphinx"]

[[package]]
name = "h11"
version = "0.14.0"
description = "A pure-Python, bring-your-own-I/O implementation of HTTP/1.1"
category = "main"
optional = false
python-versions = ">=3.7"

[[package]]
name = "idna"
version = "3.4"
description = "Internationalized Domain Names in Applications (IDNA)"
category = "main"
optional = false
python-versions = ">=3.5"

[[package]]
name = "loguru"
version = "0.5.3"
description = "Python logging made (stupidly) simple"
category = "main"
optional = false
python-versions = ">=3.5"

[package.dependencies]
colorama = {version = ">=0.3.4", markers = "sys_platform == \"win32\""}
win32-setctime = {version = ">=1.0.0", markers = "sys_platform == \"win32\""}

[package.extras]
dev = ["codecov (>=2.0.15)", "colorama (>=0.3.4)", "flake8 (>=3.7.7)", "tox (>=3.9.0)", "tox-travis (>=0.12)", "pytest (>=4.6.2)", "pytest-cov (>=2.7.1)", "Sphinx (>=2.2.1)", "sphinx-autobuild (>=0.7.1)", "sphinx-rtd-theme (>=0.4.3)", "black (>=19.10b0)", "isort (>=5.1.1)"]

[[package]]
name = "mailchecker"
version = "5.0.2"
description = "Cross-language email validation. Backed by a database of thousands throwable email providers."
category = "main"
optional = false
python-versions = "*"

[[package]]
name = "multidict"
version = "6.0.2"
description = "multidict implementation"
category = "main"
optional = false
python-versions = ">=3.7"

[[package]]
name = "mypy-extensions"
version = "0.4.3"
description = "Experimental type system extensions for programs checked with the mypy typechecker."
category = "main"
optional = false
python-versions = "*"

[[package]]
name = "pathspec"
version = "0.10.1"
description = "Utility library for gitignore style pattern matching of file paths."
category = "main"
optional = false
python-versions = ">=3.7"

[[package]]
name = "pbr"
version = "5.10.0"
description = "Python Build Reasonableness"
category = "main"
optional = false
python-versions = ">=2.6"

[[package]]
name = "phonenumbers"
version = "8.12.56"
description = "Python version of Google's common library for parsing, formatting, storing and validating international phone numbers."
category = "main"
optional = false
python-versions = "*"

[[package]]
name = "platformdirs"
version = "2.5.2"
description = "A small Python module for determining appropriate platform-specific dirs, e.g. a \"user data dir\"."
category = "main"
optional = false
python-versions = ">=3.7"

[package.extras]
docs = ["furo (>=2021.7.5b38)", "proselint (>=0.10.2)", "sphinx-autodoc-typehints (>=1.12)", "sphinx (>=4)"]
test = ["appdirs (==1.4.4)", "pytest-cov (>=2.7)", "pytest-mock (>=3.6)", "pytest (>=6)"]

[[package]]
name = "psycopg2"
version = "2.9.3"
description = "psycopg2 - Python-PostgreSQL Database Adapter"
category = "main"
optional = false
python-versions = ">=3.6"

[[package]]
name = "pyjwt"
version = "2.5.0"
description = "JSON Web Token implementation in Python"
category = "main"
optional = false
python-versions = ">=3.7"

[package.extras]
crypto = ["cryptography (>=3.3.1)", "types-cryptography (>=3.3.21)"]
dev = ["sphinx (>=4.5.0,<5.0.0)", "sphinx-rtd-theme", "zope.interface", "cryptography (>=3.3.1)", "types-cryptography (>=3.3.21)", "pytest (>=6.0.0,<7.0.0)", "coverage[toml] (==5.0.4)", "pre-commit"]
docs = ["sphinx (>=4.5.0,<5.0.0)", "sphinx-rtd-theme", "zope.interface"]
tests = ["pytest (>=6.0.0,<7.0.0)", "coverage[toml] (==5.0.4)"]

[[package]]
name = "python-benedict"
version = "0.24.3"
description = "python-benedict is a dict subclass with keylist/keypath support, normalized I/O operations (base64, csv, ini, json, pickle, plist, query-string, toml, xml, yaml) and many utilities... for humans, obviously."
category = "main"
optional = false
python-versions = "*"

[package.dependencies]
ftfy = {version = "*", markers = "python_version >= \"3.6\""}
mailchecker = "*"
phonenumbers = "*"
python-dateutil = "*"
python-fsutil = "*"
python-slugify = "*"
pyyaml = "*"
requests = "*"
six = "*"
toml = "*"
xmltodict = "*"

[[package]]
name = "python-dateutil"
version = "2.8.2"
description = "Extensions to the standard Python datetime module"
category = "main"
optional = false
python-versions = "!=3.0.*,!=3.1.*,!=3.2.*,>=2.7"

[package.dependencies]
six = ">=1.5"

[[package]]
name = "python-decouple"
version = "3.6"
description = "Strict separation of settings from code."
category = "main"
optional = false
python-versions = "*"

[[package]]
name = "python-dotenv"
version = "0.19.2"
description = "Read key-value pairs from a .env file and set them as environment variables"
category = "main"
optional = false
python-versions = ">=3.5"

[package.extras]
cli = ["click (>=5.0)"]

[[package]]
name = "python-fsutil"
version = "0.7.0"
description = "file-system utilities for lazy devs."
category = "main"
optional = false
python-versions = "*"

[[package]]
name = "python-rapidjson"
version = "1.8"
description = "Python wrapper around rapidjson"
category = "main"
optional = false
python-versions = ">=3.6"

[[package]]
name = "python-slugify"
version = "6.1.2"
description = "A Python slugify application that also handles Unicode"
category = "main"
optional = false
python-versions = ">=2.7, !=3.0.*, !=3.1.*, !=3.2.*, !=3.3.*, !=3.4.*, !=3.5.*"

[package.dependencies]
text-unidecode = ">=1.3"

[package.extras]
unidecode = ["Unidecode (>=1.1.1)"]

[[package]]
name = "pyyaml"
version = "6.0"
description = "YAML parser and emitter for Python"
category = "main"
optional = false
python-versions = ">=3.6"

[[package]]
name = "requests"
version = "2.28.1"
description = "Python HTTP for Humans."
category = "main"
optional = false
python-versions = ">=3.7, <4"

[package.dependencies]
certifi = ">=2017.4.17"
charset-normalizer = ">=2,<3"
idna = ">=2.5,<4"
urllib3 = ">=1.21.1,<1.27"

[package.extras]
socks = ["PySocks (>=1.5.6,!=1.5.7)"]
use_chardet_on_py3 = ["chardet (>=3.0.2,<6)"]

[[package]]
name = "six"
version = "1.16.0"
description = "Python 2 and 3 compatibility utilities"
category = "main"
optional = false
python-versions = ">=2.7, !=3.0.*, !=3.1.*, !=3.2.*"

[[package]]
name = "sniffio"
version = "1.3.0"
description = "Sniff out which async library your code is running under"
category = "main"
optional = false
python-versions = ">=3.7"

[[package]]
name = "sqlalchemy"
version = "1.4.41"
description = "Database Abstraction Library"
category = "main"
optional = false
python-versions = "!=3.0.*,!=3.1.*,!=3.2.*,!=3.3.*,!=3.4.*,!=3.5.*,>=2.7"

[package.dependencies]
greenlet = {version = "!=0.4.17", markers = "python_version >= \"3\" and (platform_machine == \"aarch64\" or platform_machine == \"ppc64le\" or platform_machine == \"x86_64\" or platform_machine == \"amd64\" or platform_machine == \"AMD64\" or platform_machine == \"win32\" or platform_machine == \"WIN32\")"}

[package.extras]
aiomysql = ["greenlet (!=0.4.17)", "aiomysql"]
aiosqlite = ["typing_extensions (!=3.10.0.1)", "greenlet (!=0.4.17)", "aiosqlite"]
asyncio = ["greenlet (!=0.4.17)"]
asyncmy = ["greenlet (!=0.4.17)", "asyncmy (>=0.2.3,!=0.2.4)"]
mariadb_connector = ["mariadb (>=1.0.1,!=1.1.2)"]
mssql = ["pyodbc"]
mssql_pymssql = ["pymssql"]
mssql_pyodbc = ["pyodbc"]
mypy = ["sqlalchemy2-stubs", "mypy (>=0.910)"]
mysql = ["mysqlclient (>=1.4.0,<2)", "mysqlclient (>=1.4.0)"]
mysql_connector = ["mysql-connector-python"]
oracle = ["cx_oracle (>=7,<8)", "cx_oracle (>=7)"]
postgresql = ["psycopg2 (>=2.7)"]
postgresql_asyncpg = ["greenlet (!=0.4.17)", "asyncpg"]
postgresql_pg8000 = ["pg8000 (>=1.16.6,!=1.29.0)"]
postgresql_psycopg2binary = ["psycopg2-binary"]
postgresql_psycopg2cffi = ["psycopg2cffi"]
pymysql = ["pymysql (<1)", "pymysql"]
sqlcipher = ["sqlcipher3-binary"]

[[package]]
name = "sqlalchemy-migrate"
version = "0.13.0"
description = "Database schema migration for SQLAlchemy"
category = "main"
optional = false
python-versions = "*"

[package.dependencies]
decorator = "*"
pbr = ">=1.8"
six = ">=1.7.0"
SQLAlchemy = ">=0.9.6"
sqlparse = "*"
Tempita = ">=0.4"

[[package]]
name = "sqlparse"
version = "0.4.3"
description = "A non-validating SQL parser."
category = "main"
optional = false
python-versions = ">=3.5"

[[package]]
name = "starlette"
version = "0.16.0"
description = "The little ASGI library that shines."
category = "main"
optional = false
python-versions = ">=3.6"

[package.dependencies]
anyio = ">=3.0.0,<4"

[package.extras]
full = ["itsdangerous", "jinja2", "python-multipart", "pyyaml", "requests", "graphene"]

[[package]]
name = "tempita"
version = "0.5.2"
description = "A very small text templating language"
category = "main"
optional = false
python-versions = "*"

[[package]]
name = "text-unidecode"
version = "1.3"
description = "The most basic Text::Unidecode port"
category = "main"
optional = false
python-versions = "*"

[[package]]
name = "toml"
version = "0.10.2"
description = "Python Library for Tom's Obvious, Minimal Language"
category = "main"
optional = false
python-versions = ">=2.6, !=3.0.*, !=3.1.*, !=3.2.*"

[[package]]
name = "tomli"
version = "1.2.3"
description = "A lil' TOML parser"
category = "main"
optional = false
python-versions = ">=3.6"

[[package]]
name = "typing-extensions"
version = "4.3.0"
description = "Backported and Experimental Type Hints for Python 3.7+"
category = "main"
optional = false
python-versions = ">=3.7"

[[package]]
name = "urllib3"
version = "1.26.12"
description = "HTTP library with thread-safe connection pooling, file post, and more."
category = "main"
optional = false
python-versions = ">=2.7, !=3.0.*, !=3.1.*, !=3.2.*, !=3.3.*, !=3.4.*, !=3.5.*, <4"

[package.extras]
brotli = ["brotlicffi (>=0.8.0)", "brotli (>=1.0.9)", "brotlipy (>=0.6.0)"]
secure = ["pyOpenSSL (>=0.14)", "cryptography (>=1.3.4)", "idna (>=2.0.0)", "certifi", "urllib3-secure-extra", "ipaddress"]
socks = ["PySocks (>=1.5.6,!=1.5.7,<2.0)"]

[[package]]
name = "uvicorn"
version = "0.15.0"
description = "The lightning-fast ASGI server."
category = "main"
optional = false
python-versions = "*"

[package.dependencies]
asgiref = ">=3.4.0"
click = ">=7.0"
h11 = ">=0.8"

[package.extras]
standard = ["websockets (>=9.1)", "httptools (>=0.2.0,<0.3.0)", "watchgod (>=0.6)", "python-dotenv (>=0.13)", "PyYAML (>=5.1)", "uvloop (>=0.14.0,!=0.15.0,!=0.15.1)", "colorama (>=0.4)"]

[[package]]
name = "wcwidth"
version = "0.2.5"
description = "Measures the displayed width of unicode strings in a terminal"
category = "main"
optional = false
python-versions = "*"

[[package]]
name = "win32-setctime"
version = "1.1.0"
description = "A small Python utility to set file creation time on Windows"
category = "main"
optional = false
python-versions = ">=3.5"

[package.extras]
dev = ["pytest (>=4.6.2)", "black (>=19.3b0)"]

[[package]]
name = "xmltodict"
version = "0.13.0"
description = "Makes working with XML feel like you are working with JSON"
category = "main"
optional = false
python-versions = ">=3.4"

[[package]]
name = "yarl"
version = "1.8.1"
description = "Yet another URL library"
category = "main"
optional = false
python-versions = ">=3.7"

[package.dependencies]
idna = ">=2.0"
multidict = ">=4.0"

[metadata]
lock-version = "1.1"
python-versions = "^3.9"
content-hash = "62a9241c2fd4c1a278aea74df7e929e4cd075d314a978d4b813fb142c13722cd"

[metadata.files]
aiohttp = []
aioredis = [
    {file = "aioredis-2.0.1-py3-none-any.whl", hash = "sha256:9ac0d0b3b485d293b8ca1987e6de8658d7dafcca1cddfcd1d506cae8cdebfdd6"},
    {file = "aioredis-2.0.1.tar.gz", hash = "sha256:eaa51aaf993f2d71f54b70527c440437ba65340588afeb786cd87c55c89cd98e"},
]
aiosignal = [
    {file = "aiosignal-1.2.0-py3-none-any.whl", hash = "sha256:26e62109036cd181df6e6ad646f91f0dcfd05fe16d0cb924138ff2ab75d64e3a"},
    {file = "aiosignal-1.2.0.tar.gz", hash = "sha256:78ed67db6c7b7ced4f98e495e572106d5c432a93e1ddd1bf475e1dc05f5b7df2"},
]
aiosqlite = [
    {file = "aiosqlite-0.17.0-py3-none-any.whl", hash = "sha256:6c49dc6d3405929b1d08eeccc72306d3677503cc5e5e43771efc1e00232e8231"},
    {file = "aiosqlite-0.17.0.tar.gz", hash = "sha256:f0e6acc24bc4864149267ac82fb46dfb3be4455f99fe21df82609cc6e6baee51"},
]
anyio = [
    {file = "anyio-3.6.1-py3-none-any.whl", hash = "sha256:cb29b9c70620506a9a8f87a309591713446953302d7d995344d0d7c6c0c9a7be"},
    {file = "anyio-3.6.1.tar.gz", hash = "sha256:413adf95f93886e442aea925f3ee43baa5a765a64a0f52c6081894f9992fdd0b"},
]
asgiref = []
async-timeout = [
    {file = "async-timeout-4.0.2.tar.gz", hash = "sha256:2163e1640ddb52b7a8c80d0a67a08587e5d245cc9c553a74a847056bc2976b15"},
    {file = "async_timeout-4.0.2-py3-none-any.whl", hash = "sha256:8ca1e4fcf50d07413d66d1a5e416e42cfdf5851c981d679a09851a6853383b3c"},
]
asyncpg = []
attrs = []
black = []
certifi = []
charset-normalizer = []
click = [
    {file = "click-8.1.3-py3-none-any.whl", hash = "sha256:bb4d8133cb15a609f44e8213d9b391b0809795062913b383c62be0ee95b1db48"},
    {file = "click-8.1.3.tar.gz", hash = "sha256:7682dc8afb30297001674575ea00d1814d808d6a36af415a82bd481d37ba7b8e"},
]
colorama = []
databases = [
    {file = "databases-0.5.5-py3-none-any.whl", hash = "sha256:97d9b9647216d1ab53ca61c059412b5c7b6e1f0bf8ce985477982ebcc7f278f3"},
    {file = "databases-0.5.5.tar.gz", hash = "sha256:02c6b016c1c951c21cca281dc8e2e002c60dc44026c0084aabbd8c37514aeb37"},
]
decorator = []
frozenlist = []
ftfy = [
    {file = "ftfy-6.1.1-py3-none-any.whl", hash = "sha256:0ffd33fce16b54cccaec78d6ec73d95ad370e5df5a25255c8966a6147bd667ca"},
    {file = "ftfy-6.1.1.tar.gz", hash = "sha256:bfc2019f84fcd851419152320a6375604a0f1459c281b5b199b2cd0d2e727f8f"},
]
greenlet = []
h11 = []
idna = []
loguru = [
    {file = "loguru-0.5.3-py3-none-any.whl", hash = "sha256:f8087ac396b5ee5f67c963b495d615ebbceac2796379599820e324419d53667c"},
    {file = "loguru-0.5.3.tar.gz", hash = "sha256:b28e72ac7a98be3d28ad28570299a393dfcd32e5e3f6a353dec94675767b6319"},
]
mailchecker = []
multidict = [
    {file = "multidict-6.0.2-cp310-cp310-macosx_10_9_universal2.whl", hash = "sha256:0b9e95a740109c6047602f4db4da9949e6c5945cefbad34a1299775ddc9a62e2"},
    {file = "multidict-6.0.2-cp310-cp310-macosx_10_9_x86_64.whl", hash = "sha256:ac0e27844758d7177989ce406acc6a83c16ed4524ebc363c1f748cba184d89d3"},
    {file = "multidict-6.0.2-cp310-cp310-macosx_11_0_arm64.whl", hash = "sha256:041b81a5f6b38244b34dc18c7b6aba91f9cdaf854d9a39e5ff0b58e2b5773b9c"},
    {file = "multidict-6.0.2-cp310-cp310-manylinux_2_17_aarch64.manylinux2014_aarch64.whl", hash = "sha256:5fdda29a3c7e76a064f2477c9aab1ba96fd94e02e386f1e665bca1807fc5386f"},
    {file = "multidict-6.0.2-cp310-cp310-manylinux_2_17_ppc64le.manylinux2014_ppc64le.whl", hash = "sha256:3368bf2398b0e0fcbf46d85795adc4c259299fec50c1416d0f77c0a843a3eed9"},
    {file = "multidict-6.0.2-cp310-cp310-manylinux_2_17_s390x.manylinux2014_s390x.whl", hash = "sha256:f4f052ee022928d34fe1f4d2bc743f32609fb79ed9c49a1710a5ad6b2198db20"},
    {file = "multidict-6.0.2-cp310-cp310-manylinux_2_17_x86_64.manylinux2014_x86_64.whl", hash = "sha256:225383a6603c086e6cef0f2f05564acb4f4d5f019a4e3e983f572b8530f70c88"},
    {file = "multidict-6.0.2-cp310-cp310-manylinux_2_5_i686.manylinux1_i686.manylinux_2_17_i686.manylinux2014_i686.whl", hash = "sha256:50bd442726e288e884f7be9071016c15a8742eb689a593a0cac49ea093eef0a7"},
    {file = "multidict-6.0.2-cp310-cp310-musllinux_1_1_aarch64.whl", hash = "sha256:47e6a7e923e9cada7c139531feac59448f1f47727a79076c0b1ee80274cd8eee"},
    {file = "multidict-6.0.2-cp310-cp310-musllinux_1_1_i686.whl", hash = "sha256:0556a1d4ea2d949efe5fd76a09b4a82e3a4a30700553a6725535098d8d9fb672"},
    {file = "multidict-6.0.2-cp310-cp310-musllinux_1_1_ppc64le.whl", hash = "sha256:626fe10ac87851f4cffecee161fc6f8f9853f0f6f1035b59337a51d29ff3b4f9"},
    {file = "multidict-6.0.2-cp310-cp310-musllinux_1_1_s390x.whl", hash = "sha256:8064b7c6f0af936a741ea1efd18690bacfbae4078c0c385d7c3f611d11f0cf87"},
    {file = "multidict-6.0.2-cp310-cp310-musllinux_1_1_x86_64.whl", hash = "sha256:2d36e929d7f6a16d4eb11b250719c39560dd70545356365b494249e2186bc389"},
    {file = "multidict-6.0.2-cp310-cp310-win32.whl", hash = "sha256:fcb91630817aa8b9bc4a74023e4198480587269c272c58b3279875ed7235c293"},
    {file = "multidict-6.0.2-cp310-cp310-win_amd64.whl", hash = "sha256:8cbf0132f3de7cc6c6ce00147cc78e6439ea736cee6bca4f068bcf892b0fd658"},
    {file = "multidict-6.0.2-cp37-cp37m-macosx_10_9_x86_64.whl", hash = "sha256:05f6949d6169878a03e607a21e3b862eaf8e356590e8bdae4227eedadacf6e51"},
    {file = "multidict-6.0.2-cp37-cp37m-manylinux_2_17_aarch64.manylinux2014_aarch64.whl", hash = "sha256:e2c2e459f7050aeb7c1b1276763364884595d47000c1cddb51764c0d8976e608"},
    {file = "multidict-6.0.2-cp37-cp37m-manylinux_2_17_ppc64le.manylinux2014_ppc64le.whl", hash = "sha256:d0509e469d48940147e1235d994cd849a8f8195e0bca65f8f5439c56e17872a3"},
    {file = "multidict-6.0.2-cp37-cp37m-manylinux_2_17_s390x.manylinux2014_s390x.whl", hash = "sha256:514fe2b8d750d6cdb4712346a2c5084a80220821a3e91f3f71eec11cf8d28fd4"},
    {file = "multidict-6.0.2-cp37-cp37m-manylinux_2_17_x86_64.manylinux2014_x86_64.whl", hash = "sha256:19adcfc2a7197cdc3987044e3f415168fc5dc1f720c932eb1ef4f71a2067e08b"},
    {file = "multidict-6.0.2-cp37-cp37m-manylinux_2_5_i686.manylinux1_i686.manylinux_2_17_i686.manylinux2014_i686.whl", hash = "sha256:b9d153e7f1f9ba0b23ad1568b3b9e17301e23b042c23870f9ee0522dc5cc79e8"},
    {file = "multidict-6.0.2-cp37-cp37m-musllinux_1_1_aarch64.whl", hash = "sha256:aef9cc3d9c7d63d924adac329c33835e0243b5052a6dfcbf7732a921c6e918ba"},
    {file = "multidict-6.0.2-cp37-cp37m-musllinux_1_1_i686.whl", hash = "sha256:4571f1beddff25f3e925eea34268422622963cd8dc395bb8778eb28418248e43"},
    {file = "multidict-6.0.2-cp37-cp37m-musllinux_1_1_ppc64le.whl", hash = "sha256:d48b8ee1d4068561ce8033d2c344cf5232cb29ee1a0206a7b828c79cbc5982b8"},
    {file = "multidict-6.0.2-cp37-cp37m-musllinux_1_1_s390x.whl", hash = "sha256:45183c96ddf61bf96d2684d9fbaf6f3564d86b34cb125761f9a0ef9e36c1d55b"},
    {file = "multidict-6.0.2-cp37-cp37m-musllinux_1_1_x86_64.whl", hash = "sha256:75bdf08716edde767b09e76829db8c1e5ca9d8bb0a8d4bd94ae1eafe3dac5e15"},
    {file = "multidict-6.0.2-cp37-cp37m-win32.whl", hash = "sha256:a45e1135cb07086833ce969555df39149680e5471c04dfd6a915abd2fc3f6dbc"},
    {file = "multidict-6.0.2-cp37-cp37m-win_amd64.whl", hash = "sha256:6f3cdef8a247d1eafa649085812f8a310e728bdf3900ff6c434eafb2d443b23a"},
    {file = "multidict-6.0.2-cp38-cp38-macosx_10_9_universal2.whl", hash = "sha256:0327292e745a880459ef71be14e709aaea2f783f3537588fb4ed09b6c01bca60"},
    {file = "multidict-6.0.2-cp38-cp38-macosx_10_9_x86_64.whl", hash = "sha256:e875b6086e325bab7e680e4316d667fc0e5e174bb5611eb16b3ea121c8951b86"},
    {file = "multidict-6.0.2-cp38-cp38-macosx_11_0_arm64.whl", hash = "sha256:feea820722e69451743a3d56ad74948b68bf456984d63c1a92e8347b7b88452d"},
    {file = "multidict-6.0.2-cp38-cp38-manylinux_2_17_aarch64.manylinux2014_aarch64.whl", hash = "sha256:9cc57c68cb9139c7cd6fc39f211b02198e69fb90ce4bc4a094cf5fe0d20fd8b0"},
    {file = "multidict-6.0.2-cp38-cp38-manylinux_2_17_ppc64le.manylinux2014_ppc64le.whl", hash = "sha256:497988d6b6ec6ed6f87030ec03280b696ca47dbf0648045e4e1d28b80346560d"},
    {file = "multidict-6.0.2-cp38-cp38-manylinux_2_17_s390x.manylinux2014_s390x.whl", hash = "sha256:89171b2c769e03a953d5969b2f272efa931426355b6c0cb508022976a17fd376"},
    {file = "multidict-6.0.2-cp38-cp38-manylinux_2_17_x86_64.manylinux2014_x86_64.whl", hash = "sha256:684133b1e1fe91eda8fa7447f137c9490a064c6b7f392aa857bba83a28cfb693"},
    {file = "multidict-6.0.2-cp38-cp38-manylinux_2_5_i686.manylinux1_i686.manylinux_2_17_i686.manylinux2014_i686.whl", hash = "sha256:fd9fc9c4849a07f3635ccffa895d57abce554b467d611a5009ba4f39b78a8849"},
    {file = "multidict-6.0.2-cp38-cp38-musllinux_1_1_aarch64.whl", hash = "sha256:e07c8e79d6e6fd37b42f3250dba122053fddb319e84b55dd3a8d6446e1a7ee49"},
    {file = "multidict-6.0.2-cp38-cp38-musllinux_1_1_i686.whl", hash = "sha256:4070613ea2227da2bfb2c35a6041e4371b0af6b0be57f424fe2318b42a748516"},
    {file = "multidict-6.0.2-cp38-cp38-musllinux_1_1_ppc64le.whl", hash = "sha256:47fbeedbf94bed6547d3aa632075d804867a352d86688c04e606971595460227"},
    {file = "multidict-6.0.2-cp38-cp38-musllinux_1_1_s390x.whl", hash = "sha256:5774d9218d77befa7b70d836004a768fb9aa4fdb53c97498f4d8d3f67bb9cfa9"},
    {file = "multidict-6.0.2-cp38-cp38-musllinux_1_1_x86_64.whl", hash = "sha256:2957489cba47c2539a8eb7ab32ff49101439ccf78eab724c828c1a54ff3ff98d"},
    {file = "multidict-6.0.2-cp38-cp38-win32.whl", hash = "sha256:e5b20e9599ba74391ca0cfbd7b328fcc20976823ba19bc573983a25b32e92b57"},
    {file = "multidict-6.0.2-cp38-cp38-win_amd64.whl", hash = "sha256:8004dca28e15b86d1b1372515f32eb6f814bdf6f00952699bdeb541691091f96"},
    {file = "multidict-6.0.2-cp39-cp39-macosx_10_9_universal2.whl", hash = "sha256:2e4a0785b84fb59e43c18a015ffc575ba93f7d1dbd272b4cdad9f5134b8a006c"},
    {file = "multidict-6.0.2-cp39-cp39-macosx_10_9_x86_64.whl", hash = "sha256:6701bf8a5d03a43375909ac91b6980aea74b0f5402fbe9428fc3f6edf5d9677e"},
    {file = "multidict-6.0.2-cp39-cp39-macosx_11_0_arm64.whl", hash = "sha256:a007b1638e148c3cfb6bf0bdc4f82776cef0ac487191d093cdc316905e504071"},
    {file = "multidict-6.0.2-cp39-cp39-manylinux_2_17_aarch64.manylinux2014_aarch64.whl", hash = "sha256:07a017cfa00c9890011628eab2503bee5872f27144936a52eaab449be5eaf032"},
    {file = "multidict-6.0.2-cp39-cp39-manylinux_2_17_ppc64le.manylinux2014_ppc64le.whl", hash = "sha256:c207fff63adcdf5a485969131dc70e4b194327666b7e8a87a97fbc4fd80a53b2"},
    {file = "multidict-6.0.2-cp39-cp39-manylinux_2_17_s390x.manylinux2014_s390x.whl", hash = "sha256:373ba9d1d061c76462d74e7de1c0c8e267e9791ee8cfefcf6b0b2495762c370c"},
    {file = "multidict-6.0.2-cp39-cp39-manylinux_2_17_x86_64.manylinux2014_x86_64.whl", hash = "sha256:bfba7c6d5d7c9099ba21f84662b037a0ffd4a5e6b26ac07d19e423e6fdf965a9"},
    {file = "multidict-6.0.2-cp39-cp39-manylinux_2_5_i686.manylinux1_i686.manylinux_2_17_i686.manylinux2014_i686.whl", hash = "sha256:19d9bad105dfb34eb539c97b132057a4e709919ec4dd883ece5838bcbf262b80"},
    {file = "multidict-6.0.2-cp39-cp39-musllinux_1_1_aarch64.whl", hash = "sha256:de989b195c3d636ba000ee4281cd03bb1234635b124bf4cd89eeee9ca8fcb09d"},
    {file = "multidict-6.0.2-cp39-cp39-musllinux_1_1_i686.whl", hash = "sha256:7c40b7bbece294ae3a87c1bc2abff0ff9beef41d14188cda94ada7bcea99b0fb"},
    {file = "multidict-6.0.2-cp39-cp39-musllinux_1_1_ppc64le.whl", hash = "sha256:d16cce709ebfadc91278a1c005e3c17dd5f71f5098bfae1035149785ea6e9c68"},
    {file = "multidict-6.0.2-cp39-cp39-musllinux_1_1_s390x.whl", hash = "sha256:a2c34a93e1d2aa35fbf1485e5010337c72c6791407d03aa5f4eed920343dd360"},
    {file = "multidict-6.0.2-cp39-cp39-musllinux_1_1_x86_64.whl", hash = "sha256:feba80698173761cddd814fa22e88b0661e98cb810f9f986c54aa34d281e4937"},
    {file = "multidict-6.0.2-cp39-cp39-win32.whl", hash = "sha256:23b616fdc3c74c9fe01d76ce0d1ce872d2d396d8fa8e4899398ad64fb5aa214a"},
    {file = "multidict-6.0.2-cp39-cp39-win_amd64.whl", hash = "sha256:4bae31803d708f6f15fd98be6a6ac0b6958fcf68fda3c77a048a4f9073704aae"},
    {file = "multidict-6.0.2.tar.gz", hash = "sha256:5ff3bd75f38e4c43f1f470f2df7a4d430b821c4ce22be384e1459cb57d6bb013"},
]
mypy-extensions = [
    {file = "mypy_extensions-0.4.3-py2.py3-none-any.whl", hash = "sha256:090fedd75945a69ae91ce1303b5824f428daf5a028d2f6ab8a299250a846f15d"},
    {file = "mypy_extensions-0.4.3.tar.gz", hash = "sha256:2d82818f5bb3e369420cb3c4060a7970edba416647068eb4c5343488a6c604a8"},
]
pathspec = []
pbr = []
phonenumbers = []
platformdirs = []
psycopg2 = [
    {file = "psycopg2-2.9.3-cp310-cp310-win32.whl", hash = "sha256:083707a696e5e1c330af2508d8fab36f9700b26621ccbcb538abe22e15485362"},
    {file = "psycopg2-2.9.3-cp310-cp310-win_amd64.whl", hash = "sha256:d3ca6421b942f60c008f81a3541e8faf6865a28d5a9b48544b0ee4f40cac7fca"},
    {file = "psycopg2-2.9.3-cp36-cp36m-win32.whl", hash = "sha256:9572e08b50aed176ef6d66f15a21d823bb6f6d23152d35e8451d7d2d18fdac56"},
    {file = "psycopg2-2.9.3-cp36-cp36m-win_amd64.whl", hash = "sha256:a81e3866f99382dfe8c15a151f1ca5fde5815fde879348fe5a9884a7c092a305"},
    {file = "psycopg2-2.9.3-cp37-cp37m-win32.whl", hash = "sha256:cb10d44e6694d763fa1078a26f7f6137d69f555a78ec85dc2ef716c37447e4b2"},
    {file = "psycopg2-2.9.3-cp37-cp37m-win_amd64.whl", hash = "sha256:4295093a6ae3434d33ec6baab4ca5512a5082cc43c0505293087b8a46d108461"},
    {file = "psycopg2-2.9.3-cp38-cp38-win32.whl", hash = "sha256:34b33e0162cfcaad151f249c2649fd1030010c16f4bbc40a604c1cb77173dcf7"},
    {file = "psycopg2-2.9.3-cp38-cp38-win_amd64.whl", hash = "sha256:0762c27d018edbcb2d34d51596e4346c983bd27c330218c56c4dc25ef7e819bf"},
    {file = "psycopg2-2.9.3-cp39-cp39-win32.whl", hash = "sha256:8cf3878353cc04b053822896bc4922b194792df9df2f1ad8da01fb3043602126"},
    {file = "psycopg2-2.9.3-cp39-cp39-win_amd64.whl", hash = "sha256:06f32425949bd5fe8f625c49f17ebb9784e1e4fe928b7cce72edc36fb68e4c0c"},
    {file = "psycopg2-2.9.3.tar.gz", hash = "sha256:8e841d1bf3434da985cc5ef13e6f75c8981ced601fd70cc6bf33351b91562981"},
]
pyjwt = []
python-benedict = [
    {file = "python-benedict-0.24.3.tar.gz", hash = "sha256:f9d7b41cbe7fe79b3df0c12285eacf297a157fa7b5d9da461132908ab13c390f"},
    {file = "python_benedict-0.24.3-py3-none-any.whl", hash = "sha256:408bd271ce2b83ca030283285a6fe7c987b9b67a469cf2b731417245e93cd2db"},
]
python-dateutil = [
    {file = "python-dateutil-2.8.2.tar.gz", hash = "sha256:0123cacc1627ae19ddf3c27a5de5bd67ee4586fbdd6440d9748f8abb483d3e86"},
    {file = "python_dateutil-2.8.2-py2.py3-none-any.whl", hash = "sha256:961d03dc3453ebbc59dbdea9e4e11c5651520a876d0f4db161e8674aae935da9"},
]
python-decouple = [
    {file = "python-decouple-3.6.tar.gz", hash = "sha256:2838cdf77a5cf127d7e8b339ce14c25bceb3af3e674e039d4901ba16359968c7"},
    {file = "python_decouple-3.6-py3-none-any.whl", hash = "sha256:6cf502dc963a5c642ea5ead069847df3d916a6420cad5599185de6bab11d8c2e"},
]
python-dotenv = [
    {file = "python-dotenv-0.19.2.tar.gz", hash = "sha256:a5de49a31e953b45ff2d2fd434bbc2670e8db5273606c1e737cc6b93eff3655f"},
    {file = "python_dotenv-0.19.2-py2.py3-none-any.whl", hash = "sha256:32b2bdc1873fd3a3c346da1c6db83d0053c3c62f28f1f38516070c4c8971b1d3"},
]
python-fsutil = []
python-rapidjson = []
python-slugify = [
    {file = "python-slugify-6.1.2.tar.gz", hash = "sha256:272d106cb31ab99b3496ba085e3fea0e9e76dcde967b5e9992500d1f785ce4e1"},
    {file = "python_slugify-6.1.2-py2.py3-none-any.whl", hash = "sha256:7b2c274c308b62f4269a9ba701aa69a797e9bca41aeee5b3a9e79e36b6656927"},
]
pyyaml = [
    {file = "PyYAML-6.0-cp310-cp310-macosx_10_9_x86_64.whl", hash = "sha256:d4db7c7aef085872ef65a8fd7d6d09a14ae91f691dec3e87ee5ee0539d516f53"},
    {file = "PyYAML-6.0-cp310-cp310-macosx_11_0_arm64.whl", hash = "sha256:9df7ed3b3d2e0ecfe09e14741b857df43adb5a3ddadc919a2d94fbdf78fea53c"},
    {file = "PyYAML-6.0-cp310-cp310-manylinux_2_17_aarch64.manylinux2014_aarch64.whl", hash = "sha256:77f396e6ef4c73fdc33a9157446466f1cff553d979bd00ecb64385760c6babdc"},
    {file = "PyYAML-6.0-cp310-cp310-manylinux_2_17_s390x.manylinux2014_s390x.whl", hash = "sha256:a80a78046a72361de73f8f395f1f1e49f956c6be882eed58505a15f3e430962b"},
    {file = "PyYAML-6.0-cp310-cp310-manylinux_2_5_x86_64.manylinux1_x86_64.manylinux_2_12_x86_64.manylinux2010_x86_64.whl", hash = "sha256:f84fbc98b019fef2ee9a1cb3ce93e3187a6df0b2538a651bfb890254ba9f90b5"},
    {file = "PyYAML-6.0-cp310-cp310-win32.whl", hash = "sha256:2cd5df3de48857ed0544b34e2d40e9fac445930039f3cfe4bcc592a1f836d513"},
    {file = "PyYAML-6.0-cp310-cp310-win_amd64.whl", hash = "sha256:daf496c58a8c52083df09b80c860005194014c3698698d1a57cbcfa182142a3a"},
    {file = "PyYAML-6.0-cp36-cp36m-macosx_10_9_x86_64.whl", hash = "sha256:897b80890765f037df3403d22bab41627ca8811ae55e9a722fd0392850ec4d86"},
    {file = "PyYAML-6.0-cp36-cp36m-manylinux_2_17_aarch64.manylinux2014_aarch64.whl", hash = "sha256:50602afada6d6cbfad699b0c7bb50d5ccffa7e46a3d738092afddc1f9758427f"},
    {file = "PyYAML-6.0-cp36-cp36m-manylinux_2_17_s390x.manylinux2014_s390x.whl", hash = "sha256:48c346915c114f5fdb3ead70312bd042a953a8ce5c7106d5bfb1a5254e47da92"},
    {file = "PyYAML-6.0-cp36-cp36m-manylinux_2_5_x86_64.manylinux1_x86_64.manylinux_2_12_x86_64.manylinux2010_x86_64.whl", hash = "sha256:98c4d36e99714e55cfbaaee6dd5badbc9a1ec339ebfc3b1f52e293aee6bb71a4"},
    {file = "PyYAML-6.0-cp36-cp36m-win32.whl", hash = "sha256:0283c35a6a9fbf047493e3a0ce8d79ef5030852c51e9d911a27badfde0605293"},
    {file = "PyYAML-6.0-cp36-cp36m-win_amd64.whl", hash = "sha256:07751360502caac1c067a8132d150cf3d61339af5691fe9e87803040dbc5db57"},
    {file = "PyYAML-6.0-cp37-cp37m-macosx_10_9_x86_64.whl", hash = "sha256:819b3830a1543db06c4d4b865e70ded25be52a2e0631ccd2f6a47a2822f2fd7c"},
    {file = "PyYAML-6.0-cp37-cp37m-manylinux_2_17_aarch64.manylinux2014_aarch64.whl", hash = "sha256:473f9edb243cb1935ab5a084eb238d842fb8f404ed2193a915d1784b5a6b5fc0"},
    {file = "PyYAML-6.0-cp37-cp37m-manylinux_2_17_s390x.manylinux2014_s390x.whl", hash = "sha256:0ce82d761c532fe4ec3f87fc45688bdd3a4c1dc5e0b4a19814b9009a29baefd4"},
    {file = "PyYAML-6.0-cp37-cp37m-manylinux_2_5_x86_64.manylinux1_x86_64.manylinux_2_12_x86_64.manylinux2010_x86_64.whl", hash = "sha256:231710d57adfd809ef5d34183b8ed1eeae3f76459c18fb4a0b373ad56bedcdd9"},
    {file = "PyYAML-6.0-cp37-cp37m-win32.whl", hash = "sha256:c5687b8d43cf58545ade1fe3e055f70eac7a5a1a0bf42824308d868289a95737"},
    {file = "PyYAML-6.0-cp37-cp37m-win_amd64.whl", hash = "sha256:d15a181d1ecd0d4270dc32edb46f7cb7733c7c508857278d3d378d14d606db2d"},
    {file = "PyYAML-6.0-cp38-cp38-macosx_10_9_x86_64.whl", hash = "sha256:0b4624f379dab24d3725ffde76559cff63d9ec94e1736b556dacdfebe5ab6d4b"},
    {file = "PyYAML-6.0-cp38-cp38-manylinux_2_17_aarch64.manylinux2014_aarch64.whl", hash = "sha256:213c60cd50106436cc818accf5baa1aba61c0189ff610f64f4a3e8c6726218ba"},
    {file = "PyYAML-6.0-cp38-cp38-manylinux_2_17_s390x.manylinux2014_s390x.whl", hash = "sha256:9fa600030013c4de8165339db93d182b9431076eb98eb40ee068700c9c813e34"},
    {file = "PyYAML-6.0-cp38-cp38-manylinux_2_5_x86_64.manylinux1_x86_64.manylinux_2_12_x86_64.manylinux2010_x86_64.whl", hash = "sha256:277a0ef2981ca40581a47093e9e2d13b3f1fbbeffae064c1d21bfceba2030287"},
    {file = "PyYAML-6.0-cp38-cp38-win32.whl", hash = "sha256:d4eccecf9adf6fbcc6861a38015c2a64f38b9d94838ac1810a9023a0609e1b78"},
    {file = "PyYAML-6.0-cp38-cp38-win_amd64.whl", hash = "sha256:1e4747bc279b4f613a09eb64bba2ba602d8a6664c6ce6396a4d0cd413a50ce07"},
    {file = "PyYAML-6.0-cp39-cp39-macosx_10_9_x86_64.whl", hash = "sha256:055d937d65826939cb044fc8c9b08889e8c743fdc6a32b33e2390f66013e449b"},
    {file = "PyYAML-6.0-cp39-cp39-macosx_11_0_arm64.whl", hash = "sha256:e61ceaab6f49fb8bdfaa0f92c4b57bcfbea54c09277b1b4f7ac376bfb7a7c174"},
    {file = "PyYAML-6.0-cp39-cp39-manylinux_2_17_aarch64.manylinux2014_aarch64.whl", hash = "sha256:d67d839ede4ed1b28a4e8909735fc992a923cdb84e618544973d7dfc71540803"},
    {file = "PyYAML-6.0-cp39-cp39-manylinux_2_17_s390x.manylinux2014_s390x.whl", hash = "sha256:cba8c411ef271aa037d7357a2bc8f9ee8b58b9965831d9e51baf703280dc73d3"},
    {file = "PyYAML-6.0-cp39-cp39-manylinux_2_5_x86_64.manylinux1_x86_64.manylinux_2_12_x86_64.manylinux2010_x86_64.whl", hash = "sha256:40527857252b61eacd1d9af500c3337ba8deb8fc298940291486c465c8b46ec0"},
    {file = "PyYAML-6.0-cp39-cp39-win32.whl", hash = "sha256:b5b9eccad747aabaaffbc6064800670f0c297e52c12754eb1d976c57e4f74dcb"},
    {file = "PyYAML-6.0-cp39-cp39-win_amd64.whl", hash = "sha256:b3d267842bf12586ba6c734f89d1f5b871df0273157918b0ccefa29deb05c21c"},
    {file = "PyYAML-6.0.tar.gz", hash = "sha256:68fb519c14306fec9720a2a5b45bc9f0c8d1b9c72adf45c37baedfcd949c35a2"},
]
requests = []
six = [
    {file = "six-1.16.0-py2.py3-none-any.whl", hash = "sha256:8abb2f1d86890a2dfb989f9a77cfcfd3e47c2a354b01111771326f8aa26e0254"},
    {file = "six-1.16.0.tar.gz", hash = "sha256:1e61c37477a1626458e36f7b1d82aa5c9b094fa4802892072e49de9c60c4c926"},
]
sniffio = []
sqlalchemy = []
sqlalchemy-migrate = []
sqlparse = []
starlette = [
    {file = "starlette-0.16.0-py3-none-any.whl", hash = "sha256:38eb24bf705a2c317e15868e384c1b8a12ca396e5a3c3a003db7e667c43f939f"},
    {file = "starlette-0.16.0.tar.gz", hash = "sha256:e1904b5d0007aee24bdd3c43994be9b3b729f4f58e740200de1d623f8c3a8870"},
]
tempita = []
text-unidecode = [
    {file = "text-unidecode-1.3.tar.gz", hash = "sha256:bad6603bb14d279193107714b288be206cac565dfa49aa5b105294dd5c4aab93"},
    {file = "text_unidecode-1.3-py2.py3-none-any.whl", hash = "sha256:1311f10e8b895935241623731c2ba64f4c455287888b18189350b67134a822e8"},
]
toml = [
    {file = "toml-0.10.2-py2.py3-none-any.whl", hash = "sha256:806143ae5bfb6a3c6e736a764057db0e6a0e05e338b5630894a5f779cabb4f9b"},
    {file = "toml-0.10.2.tar.gz", hash = "sha256:b3bda1d108d5dd99f4a20d24d9c348e91c4db7ab1b749200bded2f839ccbe68f"},
]
tomli = []
typing-extensions = []
urllib3 = []
uvicorn = [
    {file = "uvicorn-0.15.0-py3-none-any.whl", hash = "sha256:17f898c64c71a2640514d4089da2689e5db1ce5d4086c2d53699bf99513421c1"},
    {file = "uvicorn-0.15.0.tar.gz", hash = "sha256:d9a3c0dd1ca86728d3e235182683b4cf94cd53a867c288eaeca80ee781b2caff"},
]
wcwidth = [
    {file = "wcwidth-0.2.5-py2.py3-none-any.whl", hash = "sha256:beb4802a9cebb9144e99086eff703a642a13d6a0052920003a230f3294bbe784"},
    {file = "wcwidth-0.2.5.tar.gz", hash = "sha256:c4d647b99872929fdb7bdcaa4fbe7f01413ed3d98077df798530e5b04f116c83"},
]
win32-setctime = [
    {file = "win32_setctime-1.1.0-py3-none-any.whl", hash = "sha256:231db239e959c2fe7eb1d7dc129f11172354f98361c4fa2d6d2d7e278baa8aad"},
    {file = "win32_setctime-1.1.0.tar.gz", hash = "sha256:15cf5750465118d6929ae4de4eb46e8edae9a5634350c01ba582df868e932cb2"},
]
xmltodict = [
    {file = "xmltodict-0.13.0-py2.py3-none-any.whl", hash = "sha256:aa89e8fd76320154a40d19a0df04a4695fb9dc5ba977cbb68ab3e4eb225e7852"},
    {file = "xmltodict-0.13.0.tar.gz", hash = "sha256:341595a488e3e01a85a9d8911d8912fd922ede5fecc4dce437eb4b6c8d037e56"},
]
yarl = []
